// !$*UTF8*$!
{
	archiveVersion = 1;
	classes = {
	};
	objectVersion = 56;
	objects = {

/* Begin PBXBuildFile section */
		EFF6C57829B93D7200A3B6C8 /* iCaloriesApp.swift in Sources */ = {isa = PBXBuildFile; fileRef = EFF6C57729B93D7200A3B6C8 /* iCaloriesApp.swift */; };
		EFF6C57A29B93D7200A3B6C8 /* ContentView.swift in Sources */ = {isa = PBXBuildFile; fileRef = EFF6C57929B93D7200A3B6C8 /* ContentView.swift */; };
		EFF6C57C29B93D7400A3B6C8 /* Assets.xcassets in Resources */ = {isa = PBXBuildFile; fileRef = EFF6C57B29B93D7400A3B6C8 /* Assets.xcassets */; };
		EFF6C57F29B93D7400A3B6C8 /* Preview Assets.xcassets in Resources */ = {isa = PBXBuildFile; fileRef = EFF6C57E29B93D7400A3B6C8 /* Preview Assets.xcassets */; };
		EFF6C58829B93E6700A3B6C8 /* FoodModel.xcdatamodeld in Sources */ = {isa = PBXBuildFile; fileRef = EFF6C58629B93E6700A3B6C8 /* FoodModel.xcdatamodeld */; };
		EFF6C58A29B9408200A3B6C8 /* DataController.swift in Sources */ = {isa = PBXBuildFile; fileRef = EFF6C58929B9408200A3B6C8 /* DataController.swift */; };
		EFF6C58D29B9450100A3B6C8 /* AddFoodView.swift in Sources */ = {isa = PBXBuildFile; fileRef = EFF6C58C29B9450100A3B6C8 /* AddFoodView.swift */; };
		EFF6C59029B9478A00A3B6C8 /* TimeFormatting.swift in Sources */ = {isa = PBXBuildFile; fileRef = EFF6C58F29B9478A00A3B6C8 /* TimeFormatting.swift */; };
/* End PBXBuildFile section */

/* Begin PBXFileReference section */
		EFF6C57429B93D7200A3B6C8 /* iCalories.app */ = {isa = PBXFileReference; explicitFileType = wrapper.application; includeInIndex = 0; path = iCalories.app; sourceTree = BUILT_PRODUCTS_DIR; };
		EFF6C57729B93D7200A3B6C8 /* iCaloriesApp.swift */ = {isa = PBXFileReference; lastKnownFileType = sourcecode.swift; path = iCaloriesApp.swift; sourceTree = "<group>"; };
		EFF6C57929B93D7200A3B6C8 /* ContentView.swift */ = {isa = PBXFileReference; lastKnownFileType = sourcecode.swift; path = ContentView.swift; sourceTree = "<group>"; };
		EFF6C57B29B93D7400A3B6C8 /* Assets.xcassets */ = {isa = PBXFileReference; lastKnownFileType = folder.assetcatalog; path = Assets.xcassets; sourceTree = "<group>"; };
		EFF6C57E29B93D7400A3B6C8 /* Preview Assets.xcassets */ = {isa = PBXFileReference; lastKnownFileType = folder.assetcatalog; path = "Preview Assets.xcassets"; sourceTree = "<group>"; };
		EFF6C58729B93E6700A3B6C8 /* FoodModel.xcdatamodel */ = {isa = PBXFileReference; lastKnownFileType = wrapper.xcdatamodel; path = FoodModel.xcdatamodel; sourceTree = "<group>"; };
		EFF6C58929B9408200A3B6C8 /* DataController.swift */ = {isa = PBXFileReference; lastKnownFileType = sourcecode.swift; path = DataController.swift; sourceTree = "<group>"; };
		EFF6C58C29B9450100A3B6C8 /* AddFoodView.swift */ = {isa = PBXFileReference; lastKnownFileType = sourcecode.swift; path = AddFoodView.swift; sourceTree = "<group>"; };
		EFF6C58F29B9478A00A3B6C8 /* TimeFormatting.swift */ = {isa = PBXFileReference; lastKnownFileType = sourcecode.swift; path = TimeFormatting.swift; sourceTree = "<group>"; };
/* End PBXFileReference section */

/* Begin PBXFrameworksBuildPhase section */
		EFF6C57129B93D7200A3B6C8 /* Frameworks */ = {
			isa = PBXFrameworksBuildPhase;
			buildActionMask = 2147483647;
			files = (
			);
			runOnlyForDeploymentPostprocessing = 0;
		};
/* End PBXFrameworksBuildPhase section */

/* Begin PBXGroup section */
		EFF6C56B29B93D7200A3B6C8 = {
			isa = PBXGroup;
			children = (
				EFF6C57629B93D7200A3B6C8 /* iCalories */,
				EFF6C57529B93D7200A3B6C8 /* Products */,
			);
			sourceTree = "<group>";
		};
		EFF6C57529B93D7200A3B6C8 /* Products */ = {
			isa = PBXGroup;
			children = (
				EFF6C57429B93D7200A3B6C8 /* iCalories.app */,
			);
			name = Products;
			sourceTree = "<group>";
		};
		EFF6C57629B93D7200A3B6C8 /* iCalories */ = {
			isa = PBXGroup;
			children = (
				EFF6C58E29B9477D00A3B6C8 /* Helpers */,
				EFF6C58B29B944CD00A3B6C8 /* Views */,
				EFF6C58529B93E5100A3B6C8 /* DataModel */,
				EFF6C57729B93D7200A3B6C8 /* iCaloriesApp.swift */,
				EFF6C57B29B93D7400A3B6C8 /* Assets.xcassets */,
				EFF6C57D29B93D7400A3B6C8 /* Preview Content */,
			);
			path = iCalories;
			sourceTree = "<group>";
		};
		EFF6C57D29B93D7400A3B6C8 /* Preview Content */ = {
			isa = PBXGroup;
			children = (
				EFF6C57E29B93D7400A3B6C8 /* Preview Assets.xcassets */,
			);
			path = "Preview Content";
			sourceTree = "<group>";
		};
		EFF6C58529B93E5100A3B6C8 /* DataModel */ = {
			isa = PBXGroup;
			children = (
				EFF6C58629B93E6700A3B6C8 /* FoodModel.xcdatamodeld */,
				EFF6C58929B9408200A3B6C8 /* DataController.swift */,
			);
			path = DataModel;
			sourceTree = "<group>";
		};
		EFF6C58B29B944CD00A3B6C8 /* Views */ = {
			isa = PBXGroup;
			children = (
				EFF6C57929B93D7200A3B6C8 /* ContentView.swift */,
				EFF6C58C29B9450100A3B6C8 /* AddFoodView.swift */,
			);
			path = Views;
			sourceTree = "<group>";
		};
		EFF6C58E29B9477D00A3B6C8 /* Helpers */ = {
			isa = PBXGroup;
			children = (
				EFF6C58F29B9478A00A3B6C8 /* TimeFormatting.swift */,
			);
			path = Helpers;
			sourceTree = "<group>";
		};
/* End PBXGroup section */

/* Begin PBXNativeTarget section */
		EFF6C57329B93D7200A3B6C8 /* iCalories */ = {
			isa = PBXNativeTarget;
			buildConfigurationList = EFF6C58229B93D7400A3B6C8 /* Build configuration list for PBXNativeTarget "iCalories" */;
			buildPhases = (
				EFF6C57029B93D7200A3B6C8 /* Sources */,
				EFF6C57129B93D7200A3B6C8 /* Frameworks */,
				EFF6C57229B93D7200A3B6C8 /* Resources */,
			);
			buildRules = (
			);
			dependencies = (
			);
			name = iCalories;
			productName = iCalories;
			productReference = EFF6C57429B93D7200A3B6C8 /* iCalories.app */;
			productType = "com.apple.product-type.application";
		};
/* End PBXNativeTarget section */

/* Begin PBXProject section */
		EFF6C56C29B93D7200A3B6C8 /* Project object */ = {
			isa = PBXProject;
			attributes = {
				BuildIndependentTargetsInParallel = 1;
				LastSwiftUpdateCheck = 1420;
				LastUpgradeCheck = 1420;
				TargetAttributes = {
					EFF6C57329B93D7200A3B6C8 = {
						CreatedOnToolsVersion = 14.2;
					};
				};
			};
			buildConfigurationList = EFF6C56F29B93D7200A3B6C8 /* Build configuration list for PBXProject "iCalories" */;
			compatibilityVersion = "Xcode 14.0";
			developmentRegion = en;
			hasScannedForEncodings = 0;
			knownRegions = (
				en,
				Base,
			);
			mainGroup = EFF6C56B29B93D7200A3B6C8;
			productRefGroup = EFF6C57529B93D7200A3B6C8 /* Products */;
			projectDirPath = "";
			projectRoot = "";
			targets = (
				EFF6C57329B93D7200A3B6C8 /* iCalories */,
			);
		};
/* End PBXProject section */

/* Begin PBXResourcesBuildPhase section */
		EFF6C57229B93D7200A3B6C8 /* Resources */ = {
			isa = PBXResourcesBuildPhase;
			buildActionMask = 2147483647;
			files = (
				EFF6C57F29B93D7400A3B6C8 /* Preview Assets.xcassets in Resources */,
				EFF6C57C29B93D7400A3B6C8 /* Assets.xcassets in Resources */,
			);
			runOnlyForDeploymentPostprocessing = 0;
		};
/* End PBXResourcesBuildPhase section */

/* Begin PBXSourcesBuildPhase section */
		EFF6C57029B93D7200A3B6C8 /* Sources */ = {
			isa = PBXSourcesBuildPhase;
			buildActionMask = 2147483647;
			files = (
				EFF6C58D29B9450100A3B6C8 /* AddFoodView.swift in Sources */,
				EFF6C57A29B93D7200A3B6C8 /* ContentView.swift in Sources */,
				EFF6C58A29B9408200A3B6C8 /* DataController.swift in Sources */,
				EFF6C57829B93D7200A3B6C8 /* iCaloriesApp.swift in Sources */,
				EFF6C58829B93E6700A3B6C8 /* FoodModel.xcdatamodeld in Sources */,
				EFF6C59029B9478A00A3B6C8 /* TimeFormatting.swift in Sources */,
			);
			runOnlyForDeploymentPostprocessing = 0;
		};
/* End PBXSourcesBuildPhase section */

/* Begin XCBuildConfiguration section */
		EFF6C58029B93D7400A3B6C8 /* Debug */ = {
			isa = XCBuildConfiguration;
			buildSettings = {
				ALWAYS_SEARCH_USER_PATHS = NO;
				CLANG_ANALYZER_NONNULL = YES;
				CLANG_ANALYZER_NUMBER_OBJECT_CONVERSION = YES_AGGRESSIVE;
				CLANG_CXX_LANGUAGE_STANDARD = "gnu++20";
				CLANG_ENABLE_MODULES = YES;
				CLANG_ENABLE_OBJC_ARC = YES;
				CLANG_ENABLE_OBJC_WEAK = YES;
				CLANG_WARN_BLOCK_CAPTURE_AUTORELEASING = YES;
				CLANG_WARN_BOOL_CONVERSION = YES;
				CLANG_WARN_COMMA = YES;
				CLANG_WARN_CONSTANT_CONVERSION = YES;
				CLANG_WARN_DEPRECATED_OBJC_IMPLEMENTATIONS = YES;
				CLANG_WARN_DIRECT_OBJC_ISA_USAGE = YES_ERROR;
				CLANG_WARN_DOCUMENTATION_COMMENTS = YES;
				CLANG_WARN_EMPTY_BODY = YES;
				CLANG_WARN_ENUM_CONVERSION = YES;
				CLANG_WARN_INFINITE_RECURSION = YES;
				CLANG_WARN_INT_CONVERSION = YES;
				CLANG_WARN_NON_LITERAL_NULL_CONVERSION = YES;
				CLANG_WARN_OBJC_IMPLICIT_RETAIN_SELF = YES;
				CLANG_WARN_OBJC_LITERAL_CONVERSION = YES;
				CLANG_WARN_OBJC_ROOT_CLASS = YES_ERROR;
				CLANG_WARN_QUOTED_INCLUDE_IN_FRAMEWORK_HEADER = YES;
				CLANG_WARN_RANGE_LOOP_ANALYSIS = YES;
				CLANG_WARN_STRICT_PROTOTYPES = YES;
				CLANG_WARN_SUSPICIOUS_MOVE = YES;
				CLANG_WARN_UNGUARDED_AVAILABILITY = YES_AGGRESSIVE;
				CLANG_WARN_UNREACHABLE_CODE = YES;
				CLANG_WARN__DUPLICATE_METHOD_MATCH = YES;
				COPY_PHASE_STRIP = NO;
				DEBUG_INFORMATION_FORMAT = dwarf;
				ENABLE_STRICT_OBJC_MSGSEND = YES;
				ENABLE_TESTABILITY = YES;
				GCC_C_LANGUAGE_STANDARD = gnu11;
				GCC_DYNAMIC_NO_PIC = NO;
				GCC_NO_COMMON_BLOCKS = YES;
				GCC_OPTIMIZATION_LEVEL = 0;
				GCC_PREPROCESSOR_DEFINITIONS = (
					"DEBUG=1",
					"$(inherited)",
				);
				GCC_WARN_64_TO_32_BIT_CONVERSION = YES;
				GCC_WARN_ABOUT_RETURN_TYPE = YES_ERROR;
				GCC_WARN_UNDECLARED_SELECTOR = YES;
				GCC_WARN_UNINITIALIZED_AUTOS = YES_AGGRESSIVE;
				GCC_WARN_UNUSED_FUNCTION = YES;
				GCC_WARN_UNUSED_VARIABLE = YES;
				IPHONEOS_DEPLOYMENT_TARGET = 16.2;
				MTL_ENABLE_DEBUG_INFO = INCLUDE_SOURCE;
				MTL_FAST_MATH = YES;
				ONLY_ACTIVE_ARCH = YES;
				SDKROOT = iphoneos;
				SWIFT_ACTIVE_COMPILATION_CONDITIONS = DEBUG;
				SWIFT_OPTIMIZATION_LEVEL = "-Onone";
			};
			name = Debug;
		};
		EFF6C58129B93D7400A3B6C8 /* Release */ = {
			isa = XCBuildConfiguration;
			buildSettings = {
				ALWAYS_SEARCH_USER_PATHS = NO;
				CLANG_ANALYZER_NONNULL = YES;
				CLANG_ANALYZER_NUMBER_OBJECT_CONVERSION = YES_AGGRESSIVE;
				CLANG_CXX_LANGUAGE_STANDARD = "gnu++20";
				CLANG_ENABLE_MODULES = YES;
				CLANG_ENABLE_OBJC_ARC = YES;
				CLANG_ENABLE_OBJC_WEAK = YES;
				CLANG_WARN_BLOCK_CAPTURE_AUTORELEASING = YES;
				CLANG_WARN_BOOL_CONVERSION = YES;
				CLANG_WARN_COMMA = YES;
				CLANG_WARN_CONSTANT_CONVERSION = YES;
				CLANG_WARN_DEPRECATED_OBJC_IMPLEMENTATIONS = YES;
				CLANG_WARN_DIRECT_OBJC_ISA_USAGE = YES_ERROR;
				CLANG_WARN_DOCUMENTATION_COMMENTS = YES;
				CLANG_WARN_EMPTY_BODY = YES;
				CLANG_WARN_ENUM_CONVERSION = YES;
				CLANG_WARN_INFINITE_RECURSION = YES;
				CLANG_WARN_INT_CONVERSION = YES;
				CLANG_WARN_NON_LITERAL_NULL_CONVERSION = YES;
				CLANG_WARN_OBJC_IMPLICIT_RETAIN_SELF = YES;
				CLANG_WARN_OBJC_LITERAL_CONVERSION = YES;
				CLANG_WARN_OBJC_ROOT_CLASS = YES_ERROR;
				CLANG_WARN_QUOTED_INCLUDE_IN_FRAMEWORK_HEADER = YES;
				CLANG_WARN_RANGE_LOOP_ANALYSIS = YES;
				CLANG_WARN_STRICT_PROTOTYPES = YES;
				CLANG_WARN_SUSPICIOUS_MOVE = YES;
				CLANG_WARN_UNGUARDED_AVAILABILITY = YES_AGGRESSIVE;
				CLANG_WARN_UNREACHABLE_CODE = YES;
				CLANG_WARN__DUPLICATE_METHOD_MATCH = YES;
				COPY_PHASE_STRIP = NO;
				DEBUG_INFORMATION_FORMAT = "dwarf-with-dsym";
				ENABLE_NS_ASSERTIONS = NO;
				ENABLE_STRICT_OBJC_MSGSEND = YES;
				GCC_C_LANGUAGE_STANDARD = gnu11;
				GCC_NO_COMMON_BLOCKS = YES;
				GCC_WARN_64_TO_32_BIT_CONVERSION = YES;
				GCC_WARN_ABOUT_RETURN_TYPE = YES_ERROR;
				GCC_WARN_UNDECLARED_SELECTOR = YES;
				GCC_WARN_UNINITIALIZED_AUTOS = YES_AGGRESSIVE;
				GCC_WARN_UNUSED_FUNCTION = YES;
				GCC_WARN_UNUSED_VARIABLE = YES;
				IPHONEOS_DEPLOYMENT_TARGET = 16.2;
				MTL_ENABLE_DEBUG_INFO = NO;
				MTL_FAST_MATH = YES;
				SDKROOT = iphoneos;
				SWIFT_COMPILATION_MODE = wholemodule;
				SWIFT_OPTIMIZATION_LEVEL = "-O";
				VALIDATE_PRODUCT = YES;
			};
			name = Release;
		};
		EFF6C58329B93D7400A3B6C8 /* Debug */ = {
			isa = XCBuildConfiguration;
			buildSettings = {
				ASSETCATALOG_COMPILER_APPICON_NAME = AppIcon;
				ASSETCATALOG_COMPILER_GLOBAL_ACCENT_COLOR_NAME = AccentColor;
				CODE_SIGN_STYLE = Automatic;
				CURRENT_PROJECT_VERSION = 1;
				DEVELOPMENT_ASSET_PATHS = "\"iCalories/Preview Content\"";
				DEVELOPMENT_TEAM = Z924NYN8MX;
				ENABLE_PREVIEWS = YES;
				GENERATE_INFOPLIST_FILE = YES;
				INFOPLIST_KEY_UIApplicationSceneManifest_Generation = YES;
				INFOPLIST_KEY_UIApplicationSupportsIndirectInputEvents = YES;
				INFOPLIST_KEY_UILaunchScreen_Generation = YES;
				INFOPLIST_KEY_UISupportedInterfaceOrientations_iPad = "UIInterfaceOrientationPortrait UIInterfaceOrientationPortraitUpsideDown UIInterfaceOrientationLandscapeLeft UIInterfaceOrientationLandscapeRight";
				INFOPLIST_KEY_UISupportedInterfaceOrientations_iPhone = "UIInterfaceOrientationPortrait UIInterfaceOrientationLandscapeLeft UIInterfaceOrientationLandscapeRight";
				LD_RUNPATH_SEARCH_PATHS = (
					"$(inherited)",
					"@executable_path/Frameworks",
				);
				MARKETING_VERSION = 1.0;
				PRODUCT_BUNDLE_IDENTIFIER = com.aliamanvermez.iCalories;
				PRODUCT_NAME = "$(TARGET_NAME)";
				SWIFT_EMIT_LOC_STRINGS = YES;
				SWIFT_VERSION = 5.0;
				TARGETED_DEVICE_FAMILY = "1,2";
			};
			name = Debug;
		};
		EFF6C58429B93D7400A3B6C8 /* Release */ = {
			isa = XCBuildConfiguration;
			buildSettings = {
				ASSETCATALOG_COMPILER_APPICON_NAME = AppIcon;
				ASSETCATALOG_COMPILER_GLOBAL_ACCENT_COLOR_NAME = AccentColor;
				CODE_SIGN_STYLE = Automatic;
				CURRENT_PROJECT_VERSION = 1;
				DEVELOPMENT_ASSET_PATHS = "\"iCalories/Preview Content\"";
				DEVELOPMENT_TEAM = Z924NYN8MX;
				ENABLE_PREVIEWS = YES;
				GENERATE_INFOPLIST_FILE = YES;
				INFOPLIST_KEY_UIApplicationSceneManifest_Generation = YES;
				INFOPLIST_KEY_UIApplicationSupportsIndirectInputEvents = YES;
				INFOPLIST_KEY_UILaunchScreen_Generation = YES;
				INFOPLIST_KEY_UISupportedInterfaceOrientations_iPad = "UIInterfaceOrientationPortrait UIInterfaceOrientationPortraitUpsideDown UIInterfaceOrientationLandscapeLeft UIInterfaceOrientationLandscapeRight";
				INFOPLIST_KEY_UISupportedInterfaceOrientations_iPhone = "UIInterfaceOrientationPortrait UIInterfaceOrientationLandscapeLeft UIInterfaceOrientationLandscapeRight";
				LD_RUNPATH_SEARCH_PATHS = (
					"$(inherited)",
					"@executable_path/Frameworks",
				);
				MARKETING_VERSION = 1.0;
				PRODUCT_BUNDLE_IDENTIFIER = com.aliamanvermez.iCalories;
				PRODUCT_NAME = "$(TARGET_NAME)";
				SWIFT_EMIT_LOC_STRINGS = YES;
				SWIFT_VERSION = 5.0;
				TARGETED_DEVICE_FAMILY = "1,2";
			};
			name = Release;
		};
/* End XCBuildConfiguration section */

/* Begin XCConfigurationList section */
		EFF6C56F29B93D7200A3B6C8 /* Build configuration list for PBXProject "iCalories" */ = {
			isa = XCConfigurationList;
			buildConfigurations = (
				EFF6C58029B93D7400A3B6C8 /* Debug */,
				EFF6C58129B93D7400A3B6C8 /* Release */,
			);
			defaultConfigurationIsVisible = 0;
			defaultConfigurationName = Release;
		};
		EFF6C58229B93D7400A3B6C8 /* Build configuration list for PBXNativeTarget "iCalories" */ = {
			isa = XCConfigurationList;
			buildConfigurations = (
				EFF6C58329B93D7400A3B6C8 /* Debug */,
				EFF6C58429B93D7400A3B6C8 /* Release */,
			);
			defaultConfigurationIsVisible = 0;
			defaultConfigurationName = Release;
		};
/* End XCConfigurationList section */

/* Begin XCVersionGroup section */
		EFF6C58629B93E6700A3B6C8 /* FoodModel.xcdatamodeld */ = {
			isa = XCVersionGroup;
			children = (
				EFF6C58729B93E6700A3B6C8 /* FoodModel.xcdatamodel */,
			);
			currentVersion = EFF6C58729B93E6700A3B6C8 /* FoodModel.xcdatamodel */;
			path = FoodModel.xcdatamodeld;
			sourceTree = "<group>";
			versionGroupType = wrapper.xcdatamodel;
		};
/* End XCVersionGroup section */
	};
	rootObject = EFF6C56C29B93D7200A3B6C8 /* Project object */;
}
